
Microsoft Visual Studio Solution File, Format Version 12.00
# Visual Studio Version 17
VisualStudioVersion = 17.4.33110.190
MinimumVisualStudioVersion = 10.0.40219.1
Project("{FAE04EC0-301F-11D3-BF4B-00C04F79EFBC}") = "Calculator Git", "Calculator Git.csproj", "{F92E95E7-F995-4A2C-8969-87F79ABB3C82}"
EndProject
Global
	GlobalSection(SolutionConfigurationPlatforms) = preSolution
		Debug|Any CPU = Debug|Any CPU
		Release|Any CPU = Release|Any CPU
	EndGlobalSection
	GlobalSection(ProjectConfigurationPlatforms) = postSolution
		{F92E95E7-F995-4A2C-8969-87F79ABB3C82}.Debug|Any CPU.ActiveCfg = Debug|Any CPU
		{F92E95E7-F995-4A2C-8969-87F79ABB3C82}.Debug|Any CPU.Build.0 = Debug|Any CPU
		{F92E95E7-F995-4A2C-8969-87F79ABB3C82}.Release|Any CPU.ActiveCfg = Release|Any CPU
		{F92E95E7-F995-4A2C-8969-87F79ABB3C82}.Release|Any CPU.Build.0 = Release|Any CPU
	EndGlobalSection
	GlobalSection(SolutionProperties) = preSolution
		HideSolutionNode = FALSE
	EndGlobalSection
	GlobalSection(ExtensibilityGlobals) = postSolution
		SolutionGuid = {63D2F176-E67E-4D0E-80E7-DA7CCA56CF7B}
	EndGlobalSection
EndGlobal
